
Microsoft Visual Studio Solution File, Format Version 12.00
# Visual Studio 15
VisualStudioVersion = 15.0.27703.2047
MinimumVisualStudioVersion = 10.0.40219.1
Project("{FAE04EC0-301F-11D3-BF4B-00C04F79EFBC}") = "GL_Pro_Camp_UI_Automation", "GL_Pro_Camp_UI_Automation\GL_Pro_Camp_UI_Automation.csproj", "{D079EA33-BC19-4765-A12A-8BB13680752E}"
EndProject
Global
	GlobalSection(SolutionConfigurationPlatforms) = preSolution
		Debug|Any CPU = Debug|Any CPU
		Release|Any CPU = Release|Any CPU
	EndGlobalSection
	GlobalSection(ProjectConfigurationPlatforms) = postSolution
		{D079EA33-BC19-4765-A12A-8BB13680752E}.Debug|Any CPU.ActiveCfg = Debug|Any CPU
		{D079EA33-BC19-4765-A12A-8BB13680752E}.Debug|Any CPU.Build.0 = Debug|Any CPU
		{D079EA33-BC19-4765-A12A-8BB13680752E}.Release|Any CPU.ActiveCfg = Release|Any CPU
		{D079EA33-BC19-4765-A12A-8BB13680752E}.Release|Any CPU.Build.0 = Release|Any CPU
	EndGlobalSection
	GlobalSection(SolutionProperties) = preSolution
		HideSolutionNode = FALSE
	EndGlobalSection
	GlobalSection(ExtensibilityGlobals) = postSolution
		SolutionGuid = {E85225B0-6F60-49DE-A827-A8F6F760758F}
	EndGlobalSection
EndGlobal
